
Microsoft Visual Studio Solution File, Format Version 12.00
# Visual Studio Version 16
VisualStudioVersion = 16.0.809.1
MinimumVisualStudioVersion = 10.0.40219.1
Project("{FAE04EC0-301F-11D3-BF4B-00C04F79EFBC}") = "ToolLibrary", "ToolLibrary\ToolLibrary.csproj", "{1D08B5D9-7D55-4AA8-8FC6-13BD5979B893}"
EndProject
Global
	GlobalSection(SolutionConfigurationPlatforms) = preSolution
		Debug|anycpu = Debug|anycpu
		Release|anycpu = Release|anycpu
	EndGlobalSection
	GlobalSection(ProjectConfigurationPlatforms) = postSolution
		{1D08B5D9-7D55-4AA8-8FC6-13BD5979B893}.Debug|anycpu.ActiveCfg = Debug|anycpu
		{1D08B5D9-7D55-4AA8-8FC6-13BD5979B893}.Debug|anycpu.Build.0 = Debug|anycpu
		{1D08B5D9-7D55-4AA8-8FC6-13BD5979B893}.Release|anycpu.ActiveCfg = Release|anycpu
		{1D08B5D9-7D55-4AA8-8FC6-13BD5979B893}.Release|anycpu.Build.0 = Release|anycpu
	EndGlobalSection
	GlobalSection(SolutionProperties) = preSolution
		HideSolutionNode = FALSE
	EndGlobalSection
	GlobalSection(ExtensibilityGlobals) = postSolution
		SolutionGuid = {D2B567CA-4EE5-421A-8D09-ABC8EEFBF0D1}
	EndGlobalSection
EndGlobal
